
Microsoft Visual Studio Solution File, Format Version 12.00
# Visual Studio Version 17
VisualStudioVersion = 17.13.35931.197 d17.13
MinimumVisualStudioVersion = 10.0.40219.1
Project("{FAE04EC0-301F-11D3-BF4B-00C04F79EFBC}") = "IEoR_CNplus", "IEoR_CNplus.csproj", "{48DA9EF8-5EAD-8259-8559-2B8BE157D1AB}"
EndProject
Global
	GlobalSection(SolutionConfigurationPlatforms) = preSolution
		Debug|Any CPU = Debug|Any CPU
		Release|Any CPU = Release|Any CPU
	EndGlobalSection
	GlobalSection(ProjectConfigurationPlatforms) = postSolution
		{48DA9EF8-5EAD-8259-8559-2B8BE157D1AB}.Debug|Any CPU.ActiveCfg = Debug|Any CPU
		{48DA9EF8-5EAD-8259-8559-2B8BE157D1AB}.Debug|Any CPU.Build.0 = Debug|Any CPU
		{48DA9EF8-5EAD-8259-8559-2B8BE157D1AB}.Release|Any CPU.ActiveCfg = Release|Any CPU
		{48DA9EF8-5EAD-8259-8559-2B8BE157D1AB}.Release|Any CPU.Build.0 = Release|Any CPU
	EndGlobalSection
	GlobalSection(SolutionProperties) = preSolution
		HideSolutionNode = FALSE
	EndGlobalSection
	GlobalSection(ExtensibilityGlobals) = postSolution
		SolutionGuid = {09047CE5-14B8-4641-B519-3291CB1B2838}
	EndGlobalSection
EndGlobal
